{"1.2.0",
[{<<"certifi">>,{pkg,<<"certifi">>,<<"2.5.1">>},1},
 {<<"cowlib">>,{pkg,<<"cowlib">>,<<"2.8.0">>},0},
 {<<"genlib">>,
  {git,"https://github.com/rbkmoney/genlib",
       {ref,"eb346c226b80337876d1a93b7838614cdcce5e5a"}},
  0},
 {<<"hackney">>,{pkg,<<"hackney">>,<<"1.15.2">>},0},
 {<<"idna">>,{pkg,<<"idna">>,<<"6.0.0">>},1},
 {<<"jsx">>,{pkg,<<"jsx">>,<<"3.1.0">>},0},
 {<<"metrics">>,{pkg,<<"metrics">>,<<"1.0.1">>},1},
 {<<"mimerl">>,{pkg,<<"mimerl">>,<<"1.2.0">>},1},
 {<<"parse_trans">>,{pkg,<<"parse_trans">>,<<"3.3.0">>},2},
 {<<"ranch">>,{pkg,<<"ranch">>,<<"1.8.0">>},0},
 {<<"ssl_verify_fun">>,{pkg,<<"ssl_verify_fun">>,<<"1.1.5">>},1},
 {<<"unicode_util_compat">>,{pkg,<<"unicode_util_compat">>,<<"0.4.1">>},2}]}.
[
{pkg_hash,[
 {<<"certifi">>, <<"867CE347F7C7D78563450A18A6A28A8090331E77FA02380B4A21962A65D36EE5">>},
 {<<"cowlib">>, <<"FD0FF1787DB84AC415B8211573E9A30A3EBE71B5CBFF7F720089972B2319C8A4">>},
 {<<"hackney">>, <<"07E33C794F8F8964EE86CEBEC1A8ED88DB5070E52E904B8F12209773C1036085">>},
 {<<"idna">>, <<"689C46CBCDF3524C44D5F3DDE8001F364CD7608A99556D8FBD8239A5798D4C10">>},
 {<<"jsx">>, <<"D12516BAA0BB23A59BB35DCCAF02A1BD08243FCBB9EFE24F2D9D056CCFF71268">>},
 {<<"metrics">>, <<"25F094DEA2CDA98213CECC3AEFF09E940299D950904393B2A29D191C346A8486">>},
 {<<"mimerl">>, <<"67E2D3F571088D5CFD3E550C383094B47159F3EEE8FFA08E64106CDF5E981BE3">>},
 {<<"parse_trans">>, <<"09765507A3C7590A784615CFD421D101AEC25098D50B89D7AA1D66646BC571C1">>},
 {<<"ranch">>, <<"8C7A100A139FD57F17327B6413E4167AC559FBC04CA7448E9BE9057311597A1D">>},
 {<<"ssl_verify_fun">>, <<"6EAF7AD16CB568BB01753DBBD7A95FF8B91C7979482B95F38443FE2C8852A79B">>},
 {<<"unicode_util_compat">>, <<"D869E4C68901DD9531385BB0C8C40444EBF624E60B6962D95952775CAC5E90CD">>}]},
{pkg_hash_ext,[
 {<<"certifi">>, <<"805ABD97539CAF89EC6D4732C91E62BA9DA0CDA51AC462380BBD28EE697A8C42">>},
 {<<"cowlib">>, <<"79F954A7021B302186A950A32869DBC185523D99D3E44CE430CD1F3289F41ED4">>},
 {<<"hackney">>, <<"E0100F8EF7D1124222C11AD362C857D3DF7CB5F4204054F9F0F4A728666591FC">>},
 {<<"idna">>, <<"4BDD305EB64E18B0273864920695CB18D7A2021F31A11B9C5FBCD9A253F936E2">>},
 {<<"jsx">>, <<"0C5CC8FDC11B53CC25CF65AC6705AD39E54ECC56D1C22E4ADB8F5A53FB9427F3">>},
 {<<"metrics">>, <<"69B09ADDDC4F74A40716AE54D140F93BEB0FB8978D8636EADED0C31B6F099F16">>},
 {<<"mimerl">>, <<"F278585650AA581986264638EBF698F8BB19DF297F66AD91B18910DFC6E19323">>},
 {<<"parse_trans">>, <<"17EF63ABDE837AD30680EA7F857DD9E7CED9476CDD7B0394432AF4BFC241B960">>},
 {<<"ranch">>, <<"49FBCFD3682FAB1F5D109351B61257676DA1A2FDBE295904176D5E521A2DDFE5">>},
 {<<"ssl_verify_fun">>, <<"13104D7897E38ED7F044C4DE953A6C28597D1C952075EB2E328BC6D6F2BFC496">>},
 {<<"unicode_util_compat">>, <<"1D1848C40487CDB0B30E8ED975E34E025860C02E419CB615D255849F3427439D">>}]}
].
